
Microsoft Visual Studio Solution File, Format Version 12.00
# Visual Studio 15
VisualStudioVersion = 15.0.27004.2010
MinimumVisualStudioVersion = 10.0.40219.1
Project("{FAE04EC0-301F-11D3-BF4B-00C04F79EFBC}") = "Core", "Core\Core.csproj", "{73F4E39C-6980-48AB-88EF-86CA4F648E39}"
EndProject
Project("{FAE04EC0-301F-11D3-BF4B-00C04F79EFBC}") = "Graphics", "Graphics\Graphics.csproj", "{E79C441E-8795-4ED6-AC94-12D189613D0D}"
EndProject
Project("{FAE04EC0-301F-11D3-BF4B-00C04F79EFBC}") = "WinFormRenderer", "WinFormRenderer\WinFormRenderer.csproj", "{5367988F-A5B8-4C40-A9BA-05ED1C7EA0A4}"
EndProject
Project("{FAE04EC0-301F-11D3-BF4B-00C04F79EFBC}") = "Editor", "Editor\Editor.csproj", "{BA92D081-C8C8-4C86-96E2-2290C11FB8B6}"
EndProject
Global
	GlobalSection(SolutionConfigurationPlatforms) = preSolution
		Debug|Any CPU = Debug|Any CPU
		Release|Any CPU = Release|Any CPU
	EndGlobalSection
	GlobalSection(ProjectConfigurationPlatforms) = postSolution
		{73F4E39C-6980-48AB-88EF-86CA4F648E39}.Debug|Any CPU.ActiveCfg = Debug|Any CPU
		{73F4E39C-6980-48AB-88EF-86CA4F648E39}.Debug|Any CPU.Build.0 = Debug|Any CPU
		{73F4E39C-6980-48AB-88EF-86CA4F648E39}.Release|Any CPU.ActiveCfg = Release|Any CPU
		{73F4E39C-6980-48AB-88EF-86CA4F648E39}.Release|Any CPU.Build.0 = Release|Any CPU
		{E79C441E-8795-4ED6-AC94-12D189613D0D}.Debug|Any CPU.ActiveCfg = Debug|Any CPU
		{E79C441E-8795-4ED6-AC94-12D189613D0D}.Debug|Any CPU.Build.0 = Debug|Any CPU
		{E79C441E-8795-4ED6-AC94-12D189613D0D}.Release|Any CPU.ActiveCfg = Release|Any CPU
		{E79C441E-8795-4ED6-AC94-12D189613D0D}.Release|Any CPU.Build.0 = Release|Any CPU
		{5367988F-A5B8-4C40-A9BA-05ED1C7EA0A4}.Debug|Any CPU.ActiveCfg = Debug|Any CPU
		{5367988F-A5B8-4C40-A9BA-05ED1C7EA0A4}.Debug|Any CPU.Build.0 = Debug|Any CPU
		{5367988F-A5B8-4C40-A9BA-05ED1C7EA0A4}.Release|Any CPU.ActiveCfg = Release|Any CPU
		{5367988F-A5B8-4C40-A9BA-05ED1C7EA0A4}.Release|Any CPU.Build.0 = Release|Any CPU
		{BA92D081-C8C8-4C86-96E2-2290C11FB8B6}.Debug|Any CPU.ActiveCfg = Debug|Any CPU
		{BA92D081-C8C8-4C86-96E2-2290C11FB8B6}.Debug|Any CPU.Build.0 = Debug|Any CPU
		{BA92D081-C8C8-4C86-96E2-2290C11FB8B6}.Release|Any CPU.ActiveCfg = Release|Any CPU
		{BA92D081-C8C8-4C86-96E2-2290C11FB8B6}.Release|Any CPU.Build.0 = Release|Any CPU
	EndGlobalSection
	GlobalSection(SolutionProperties) = preSolution
		HideSolutionNode = FALSE
	EndGlobalSection
	GlobalSection(ExtensibilityGlobals) = postSolution
		SolutionGuid = {BCC2DCCB-7923-437A-ABD2-FA82101CB6A8}
	EndGlobalSection
EndGlobal
